lockfileVersion: '6.0'

settings:
  autoInstallPeers: true
  excludeLinksFromLockfile: false

devDependencies:
  '@sinonjs/fake-timers':
    specifier: ^11.2.2
    version: 11.2.2
  '@types/node':
    specifier: ^20.9.3
    version: 20.9.3
  '@types/sinonjs__fake-timers':
    specifier: ^8.1.5
    version: 8.1.5
  '@vitest/ui':
    specifier: ^0.34.6
    version: 0.34.6(vitest@0.34.6)
  jsdom:
    specifier: ^22.1.0
    version: 22.1.0
  typescript:
    specifier: ^5.3.2
    version: 5.3.2
  vitest:
    specifier: ^0.34.6
    version: 0.34.6(@vitest/ui@0.34.6)(jsdom@22.1.0)

packages:

  /@esbuild/android-arm64@0.19.7:
    resolution: {integrity: sha512-YEDcw5IT7hW3sFKZBkCAQaOCJQLONVcD4bOyTXMZz5fr66pTHnAet46XAtbXAkJRfIn2YVhdC6R9g4xa27jQ1w==}
    engines: {node: '>=12'}
    cpu: [arm64]
    os: [android]
    requiresBuild: true
    dev: true
    optional: true

  /@esbuild/android-arm@0.19.7:
    resolution: {integrity: sha512-YGSPnndkcLo4PmVl2tKatEn+0mlVMr3yEpOOT0BeMria87PhvoJb5dg5f5Ft9fbCVgtAz4pWMzZVgSEGpDAlww==}
    engines: {node: '>=12'}
    cpu: [arm]
    os: [android]
    requiresBuild: true
    dev: true
    optional: true

  /@esbuild/android-x64@0.19.7:
    resolution: {integrity: sha512-jhINx8DEjz68cChFvM72YzrqfwJuFbfvSxZAk4bebpngGfNNRm+zRl4rtT9oAX6N9b6gBcFaJHFew5Blf6CvUw==}
    engines: {node: '>=12'}
    cpu: [x64]
    os: [android]
    requiresBuild: true
    dev: true
    optional: true

  /@esbuild/darwin-arm64@0.19.7:
    resolution: {integrity: sha512-dr81gbmWN//3ZnBIm6YNCl4p3pjnabg1/ZVOgz2fJoUO1a3mq9WQ/1iuEluMs7mCL+Zwv7AY5e3g1hjXqQZ9Iw==}
    engines: {node: '>=12'}
    cpu: [arm64]
    os: [darwin]
    requiresBuild: true
    dev: true
    optional: true

  /@esbuild/darwin-x64@0.19.7:
    resolution: {integrity: sha512-Lc0q5HouGlzQEwLkgEKnWcSazqr9l9OdV2HhVasWJzLKeOt0PLhHaUHuzb8s/UIya38DJDoUm74GToZ6Wc7NGQ==}
    engines: {node: '>=12'}
    cpu: [x64]
    os: [darwin]
    requiresBuild: true
    dev: true
    optional: true

  /@esbuild/freebsd-arm64@0.19.7:
    resolution: {integrity: sha512-+y2YsUr0CxDFF7GWiegWjGtTUF6gac2zFasfFkRJPkMAuMy9O7+2EH550VlqVdpEEchWMynkdhC9ZjtnMiHImQ==}
    engines: {node: '>=12'}
    cpu: [arm64]
    os: [freebsd]
    requiresBuild: true
    dev: true
    optional: true

  /@esbuild/freebsd-x64@0.19.7:
    resolution: {integrity: sha512-CdXOxIbIzPJmJhrpmJTLx+o35NoiKBIgOvmvT+jeSadYiWJn0vFKsl+0bSG/5lwjNHoIDEyMYc/GAPR9jxusTA==}
    engines: {node: '>=12'}
    cpu: [x64]
    os: [freebsd]
    requiresBuild: true
    dev: true
    optional: true

  /@esbuild/linux-arm64@0.19.7:
    resolution: {integrity: sha512-inHqdOVCkUhHNvuQPT1oCB7cWz9qQ/Cz46xmVe0b7UXcuIJU3166aqSunsqkgSGMtUCWOZw3+KMwI6otINuC9g==}
    engines: {node: '>=12'}
    cpu: [arm64]
    os: [linux]
    requiresBuild: true
    dev: true
    optional: true

  /@esbuild/linux-arm@0.19.7:
    resolution: {integrity: sha512-Y+SCmWxsJOdQtjcBxoacn/pGW9HDZpwsoof0ttL+2vGcHokFlfqV666JpfLCSP2xLxFpF1lj7T3Ox3sr95YXww==}
    engines: {node: '>=12'}
    cpu: [arm]
    os: [linux]
    requiresBuild: true
    dev: true
    optional: true

  /@esbuild/linux-ia32@0.19.7:
    resolution: {integrity: sha512-2BbiL7nLS5ZO96bxTQkdO0euGZIUQEUXMTrqLxKUmk/Y5pmrWU84f+CMJpM8+EHaBPfFSPnomEaQiG/+Gmh61g==}
    engines: {node: '>=12'}
    cpu: [ia32]
    os: [linux]
    requiresBuild: true
    dev: true
    optional: true

  /@esbuild/linux-loong64@0.19.7:
    resolution: {integrity: sha512-BVFQla72KXv3yyTFCQXF7MORvpTo4uTA8FVFgmwVrqbB/4DsBFWilUm1i2Oq6zN36DOZKSVUTb16jbjedhfSHw==}
    engines: {node: '>=12'}
    cpu: [loong64]
    os: [linux]
    requiresBuild: true
    dev: true
    optional: true

  /@esbuild/linux-mips64el@0.19.7:
    resolution: {integrity: sha512-DzAYckIaK+pS31Q/rGpvUKu7M+5/t+jI+cdleDgUwbU7KdG2eC3SUbZHlo6Q4P1CfVKZ1lUERRFP8+q0ob9i2w==}
    engines: {node: '>=12'}
    cpu: [mips64el]
    os: [linux]
    requiresBuild: true
    dev: true
    optional: true

  /@esbuild/linux-ppc64@0.19.7:
    resolution: {integrity: sha512-JQ1p0SmUteNdUaaiRtyS59GkkfTW0Edo+e0O2sihnY4FoZLz5glpWUQEKMSzMhA430ctkylkS7+vn8ziuhUugQ==}
    engines: {node: '>=12'}
    cpu: [ppc64]
    os: [linux]
    requiresBuild: true
    dev: true
    optional: true

  /@esbuild/linux-riscv64@0.19.7:
    resolution: {integrity: sha512-xGwVJ7eGhkprY/nB7L7MXysHduqjpzUl40+XoYDGC4UPLbnG+gsyS1wQPJ9lFPcxYAaDXbdRXd1ACs9AE9lxuw==}
    engines: {node: '>=12'}
    cpu: [riscv64]
    os: [linux]
    requiresBuild: true
    dev: true
    optional: true

  /@esbuild/linux-s390x@0.19.7:
    resolution: {integrity: sha512-U8Rhki5PVU0L0nvk+E8FjkV8r4Lh4hVEb9duR6Zl21eIEYEwXz8RScj4LZWA2i3V70V4UHVgiqMpszXvG0Yqhg==}
    engines: {node: '>=12'}
    cpu: [s390x]
    os: [linux]
    requiresBuild: true
    dev: true
    optional: true

  /@esbuild/linux-x64@0.19.7:
    resolution: {integrity: sha512-ZYZopyLhm4mcoZXjFt25itRlocKlcazDVkB4AhioiL9hOWhDldU9n38g62fhOI4Pth6vp+Mrd5rFKxD0/S+7aQ==}
    engines: {node: '>=12'}
    cpu: [x64]
    os: [linux]
    requiresBuild: true
    dev: true
    optional: true

  /@esbuild/netbsd-x64@0.19.7:
    resolution: {integrity: sha512-/yfjlsYmT1O3cum3J6cmGG16Fd5tqKMcg5D+sBYLaOQExheAJhqr8xOAEIuLo8JYkevmjM5zFD9rVs3VBcsjtQ==}
    engines: {node: '>=12'}
    cpu: [x64]
    os: [netbsd]
    requiresBuild: true
    dev: true
    optional: true

  /@esbuild/openbsd-x64@0.19.7:
    resolution: {integrity: sha512-MYDFyV0EW1cTP46IgUJ38OnEY5TaXxjoDmwiTXPjezahQgZd+j3T55Ht8/Q9YXBM0+T9HJygrSRGV5QNF/YVDQ==}
    engines: {node: '>=12'}
    cpu: [x64]
    os: [openbsd]
    requiresBuild: true
    dev: true
    optional: true

  /@esbuild/sunos-x64@0.19.7:
    resolution: {integrity: sha512-JcPvgzf2NN/y6X3UUSqP6jSS06V0DZAV/8q0PjsZyGSXsIGcG110XsdmuWiHM+pno7/mJF6fjH5/vhUz/vA9fw==}
    engines: {node: '>=12'}
    cpu: [x64]
    os: [sunos]
    requiresBuild: true
    dev: true
    optional: true

  /@esbuild/win32-arm64@0.19.7:
    resolution: {integrity: sha512-ZA0KSYti5w5toax5FpmfcAgu3ZNJxYSRm0AW/Dao5up0YV1hDVof1NvwLomjEN+3/GMtaWDI+CIyJOMTRSTdMw==}
    engines: {node: '>=12'}
    cpu: [arm64]
    os: [win32]
    requiresBuild: true
    dev: true
    optional: true

  /@esbuild/win32-ia32@0.19.7:
    resolution: {integrity: sha512-CTOnijBKc5Jpk6/W9hQMMvJnsSYRYgveN6O75DTACCY18RA2nqka8dTZR+x/JqXCRiKk84+5+bRKXUSbbwsS0A==}
    engines: {node: '>=12'}
    cpu: [ia32]
    os: [win32]
    requiresBuild: true
    dev: true
    optional: true

  /@esbuild/win32-x64@0.19.7:
    resolution: {integrity: sha512-gRaP2sk6hc98N734luX4VpF318l3w+ofrtTu9j5L8EQXF+FzQKV6alCOHMVoJJHvVK/mGbwBXfOL1HETQu9IGQ==}
    engines: {node: '>=12'}
    cpu: [x64]
    os: [win32]
    requiresBuild: true
    dev: true
    optional: true

  /@jest/schemas@29.6.3:
    resolution: {integrity: sha512-mo5j5X+jIZmJQveBKeS/clAueipV7KgiX1vMgCxam1RNYiqE1w62n0/tJJnHtjW8ZHcQco5gY85jA3mi0L+nSA==}
    engines: {node: ^14.15.0 || ^16.10.0 || >=18.0.0}
    dependencies:
      '@sinclair/typebox': 0.27.8
    dev: true

  /@jridgewell/sourcemap-codec@1.4.15:
    resolution: {integrity: sha512-eF2rxCRulEKXHTRiDrDy6erMYWqNw4LPdQ8UQA4huuxaQsVeRPFl2oM8oDGxMFhJUWZf9McpLtJasDDZb/Bpeg==}
    dev: true

  /@nodelib/fs.scandir@2.1.5:
    resolution: {integrity: sha512-vq24Bq3ym5HEQm2NKCr3yXDwjc7vTsEThRDnkp2DK9p1uqLR+DHurm/NOTo0KG7HYHU7eppKZj3MyqYuMBf62g==}
    engines: {node: '>= 8'}
    dependencies:
      '@nodelib/fs.stat': 2.0.5
      run-parallel: 1.2.0
    dev: true

  /@nodelib/fs.stat@2.0.5:
    resolution: {integrity: sha512-RkhPPp2zrqDAQA/2jNhnztcPAlv64XdhIp7a7454A5ovI7Bukxgt7MX7udwAu3zg1DcpPU0rz3VV1SeaqvY4+A==}
    engines: {node: '>= 8'}
    dev: true

  /@nodelib/fs.walk@1.2.8:
    resolution: {integrity: sha512-oGB+UxlgWcgQkgwo8GcEGwemoTFt3FIO9ababBmaGwXIoBKZ+GTy0pP185beGg7Llih/NSHSV2XAs1lnznocSg==}
    engines: {node: '>= 8'}
    dependencies:
      '@nodelib/fs.scandir': 2.1.5
      fastq: 1.15.0
    dev: true

  /@polka/url@1.0.0-next.23:
    resolution: {integrity: sha512-C16M+IYz0rgRhWZdCmK+h58JMv8vijAA61gmz2rspCSwKwzBebpdcsiUmwrtJRdphuY30i6BSLEOP8ppbNLyLg==}
    dev: true

  /@rollup/rollup-android-arm-eabi@4.5.0:
    resolution: {integrity: sha512-OINaBGY+Wc++U0rdr7BLuFClxcoWaVW3vQYqmQq6B3bqQ/2olkaoz+K8+af/Mmka/C2yN5j+L9scBkv4BtKsDA==}
    cpu: [arm]
    os: [android]
    requiresBuild: true
    dev: true
    optional: true

  /@rollup/rollup-android-arm64@4.5.0:
    resolution: {integrity: sha512-UdMf1pOQc4ZmUA/NTmKhgJTBimbSKnhPS2zJqucqFyBRFPnPDtwA8MzrGNTjDeQbIAWfpJVAlxejw+/lQyBK/w==}
    cpu: [arm64]
    os: [android]
    requiresBuild: true
    dev: true
    optional: true

  /@rollup/rollup-darwin-arm64@4.5.0:
    resolution: {integrity: sha512-L0/CA5p/idVKI+c9PcAPGorH6CwXn6+J0Ys7Gg1axCbTPgI8MeMlhA6fLM9fK+ssFhqogMHFC8HDvZuetOii7w==}
    cpu: [arm64]
    os: [darwin]
    requiresBuild: true
    dev: true
    optional: true

  /@rollup/rollup-darwin-x64@4.5.0:
    resolution: {integrity: sha512-QZCbVqU26mNlLn8zi/XDDquNmvcr4ON5FYAHQQsyhrHx8q+sQi/6xduoznYXwk/KmKIXG5dLfR0CvY+NAWpFYQ==}
    cpu: [x64]
    os: [darwin]
    requiresBuild: true
    dev: true
    optional: true

  /@rollup/rollup-linux-arm-gnueabihf@4.5.0:
    resolution: {integrity: sha512-VpSQ+xm93AeV33QbYslgf44wc5eJGYfYitlQzAi3OObu9iwrGXEnmu5S3ilkqE3Pr/FkgOiJKV/2p0ewf4Hrtg==}
    cpu: [arm]
    os: [linux]
    requiresBuild: true
    dev: true
    optional: true

  /@rollup/rollup-linux-arm64-gnu@4.5.0:
    resolution: {integrity: sha512-OrEyIfpxSsMal44JpEVx9AEcGpdBQG1ZuWISAanaQTSMeStBW+oHWwOkoqR54bw3x8heP8gBOyoJiGg+fLY8qQ==}
    cpu: [arm64]
    os: [linux]
    requiresBuild: true
    dev: true
    optional: true

  /@rollup/rollup-linux-arm64-musl@4.5.0:
    resolution: {integrity: sha512-1H7wBbQuE6igQdxMSTjtFfD+DGAudcYWhp106z/9zBA8OQhsJRnemO4XGavdzHpGhRtRxbgmUGdO3YQgrWf2RA==}
    cpu: [arm64]
    os: [linux]
    requiresBuild: true
    dev: true
    optional: true

  /@rollup/rollup-linux-x64-gnu@4.5.0:
    resolution: {integrity: sha512-FVyFI13tXw5aE65sZdBpNjPVIi4Q5mARnL/39UIkxvSgRAIqCo5sCpCELk0JtXHGee2owZz5aNLbWNfBHzr71Q==}
    cpu: [x64]
    os: [linux]
    requiresBuild: true
    dev: true
    optional: true

  /@rollup/rollup-linux-x64-musl@4.5.0:
    resolution: {integrity: sha512-eBPYl2sLpH/o8qbSz6vPwWlDyThnQjJfcDOGFbNjmjb44XKC1F5dQfakOsADRVrXCNzM6ZsSIPDG5dc6HHLNFg==}
    cpu: [x64]
    os: [linux]
    requiresBuild: true
    dev: true
    optional: true

  /@rollup/rollup-win32-arm64-msvc@4.5.0:
    resolution: {integrity: sha512-xaOHIfLOZypoQ5U2I6rEaugS4IYtTgP030xzvrBf5js7p9WI9wik07iHmsKaej8Z83ZDxN5GyypfoyKV5O5TJA==}
    cpu: [arm64]
    os: [win32]
    requiresBuild: true
    dev: true
    optional: true

  /@rollup/rollup-win32-ia32-msvc@4.5.0:
    resolution: {integrity: sha512-Al6quztQUrHwcOoU2TuFblUQ5L+/AmPBXFR6dUvyo4nRj2yQRK0WIUaGMF/uwKulvRcXkpHe3k9A8Vf93VDktA==}
    cpu: [ia32]
    os: [win32]
    requiresBuild: true
    dev: true
    optional: true

  /@rollup/rollup-win32-x64-msvc@4.5.0:
    resolution: {integrity: sha512-8kdW+brNhI/NzJ4fxDufuJUjepzINqJKLGHuxyAtpPG9bMbn8P5mtaCcbOm0EzLJ+atg+kF9dwg8jpclkVqx5w==}
    cpu: [x64]
    os: [win32]
    requiresBuild: true
    dev: true
    optional: true

  /@sinclair/typebox@0.27.8:
    resolution: {integrity: sha512-+Fj43pSMwJs4KRrH/938Uf+uAELIgVBmQzg/q1YG10djyfA3TnrU8N8XzqCh/okZdszqBQTZf96idMfE5lnwTA==}
    dev: true

  /@sinonjs/commons@3.0.0:
    resolution: {integrity: sha512-jXBtWAF4vmdNmZgD5FoKsVLv3rPgDnLgPbU84LIJ3otV44vJlDRokVng5v8NFJdCf/da9legHcKaRuZs4L7faA==}
    dependencies:
      type-detect: 4.0.8
    dev: true

  /@sinonjs/fake-timers@11.2.2:
    resolution: {integrity: sha512-G2piCSxQ7oWOxwGSAyFHfPIsyeJGXYtc6mFbnFA+kRXkiEnTl8c/8jul2S329iFBnDI9HGoeWWAZvuvOkZccgw==}
    dependencies:
      '@sinonjs/commons': 3.0.0
    dev: true

  /@tootallnate/once@2.0.0:
    resolution: {integrity: sha512-XCuKFP5PS55gnMVu3dty8KPatLqUoy/ZYzDzAGCQ8JNFCkLXzmI7vNHCR+XpbZaMWQK/vQubr7PkYq8g470J/A==}
    engines: {node: '>= 10'}
    dev: true

  /@types/chai-subset@1.3.5:
    resolution: {integrity: sha512-c2mPnw+xHtXDoHmdtcCXGwyLMiauiAyxWMzhGpqHC4nqI/Y5G2XhTampslK2rb59kpcuHon03UH8W6iYUzw88A==}
    dependencies:
      '@types/chai': 4.3.11
    dev: true

  /@types/chai@4.3.11:
    resolution: {integrity: sha512-qQR1dr2rGIHYlJulmr8Ioq3De0Le9E4MJ5AiaeAETJJpndT1uUNHsGFK3L/UIu+rbkQSdj8J/w2bCsBZc/Y5fQ==}
    dev: true

  /@types/node@20.9.3:
    resolution: {integrity: sha512-nk5wXLAXGBKfrhLB0cyHGbSqopS+nz0BUgZkUQqSHSSgdee0kssp1IAqlQOu333bW+gMNs2QREx7iynm19Abxw==}
    dependencies:
      undici-types: 5.26.5
    dev: true

  /@types/sinonjs__fake-timers@8.1.5:
    resolution: {integrity: sha512-mQkU2jY8jJEF7YHjHvsQO8+3ughTL1mcnn96igfhONmR+fUPSKIkefQYpSe8bsly2Ep7oQbn/6VG5/9/0qcArQ==}
    dev: true

  /@vitest/expect@0.34.6:
    resolution: {integrity: sha512-QUzKpUQRc1qC7qdGo7rMK3AkETI7w18gTCUrsNnyjjJKYiuUB9+TQK3QnR1unhCnWRC0AbKv2omLGQDF/mIjOw==}
    dependencies:
      '@vitest/spy': 0.34.6
      '@vitest/utils': 0.34.6
      chai: 4.3.10
    dev: true

  /@vitest/runner@0.34.6:
    resolution: {integrity: sha512-1CUQgtJSLF47NnhN+F9X2ycxUP0kLHQ/JWvNHbeBfwW8CzEGgeskzNnHDyv1ieKTltuR6sdIHV+nmR6kPxQqzQ==}
    dependencies:
      '@vitest/utils': 0.34.6
      p-limit: 4.0.0
      pathe: 1.1.1
    dev: true

  /@vitest/snapshot@0.34.6:
    resolution: {integrity: sha512-B3OZqYn6k4VaN011D+ve+AA4whM4QkcwcrwaKwAbyyvS/NB1hCWjFIBQxAQQSQir9/RtyAAGuq+4RJmbn2dH4w==}
    dependencies:
      magic-string: 0.30.5
      pathe: 1.1.1
      pretty-format: 29.7.0
    dev: true

  /@vitest/spy@0.34.6:
    resolution: {integrity: sha512-xaCvneSaeBw/cz8ySmF7ZwGvL0lBjfvqc1LpQ/vcdHEvpLn3Ff1vAvjw+CoGn0802l++5L/pxb7whwcWAw+DUQ==}
    dependencies:
      tinyspy: 2.2.0
    dev: true

  /@vitest/ui@0.34.6(vitest@0.34.6):
    resolution: {integrity: sha512-/fxnCwGC0Txmr3tF3BwAbo3v6U2SkBTGR9UB8zo0Ztlx0BTOXHucE0gDHY7SjwEktCOHatiGmli9kZD6gYSoWQ==}
    peerDependencies:
      vitest: '>=0.30.1 <1'
    dependencies:
      '@vitest/utils': 0.34.6
      fast-glob: 3.3.2
      fflate: 0.8.1
      flatted: 3.2.9
      pathe: 1.1.1
      picocolors: 1.0.0
      sirv: 2.0.3
      vitest: 0.34.6(@vitest/ui@0.34.6)(jsdom@22.1.0)
    dev: true

  /@vitest/utils@0.34.6:
    resolution: {integrity: sha512-IG5aDD8S6zlvloDsnzHw0Ut5xczlF+kv2BOTo+iXfPr54Yhi5qbVOgGB1hZaVq4iJ4C/MZ2J0y15IlsV/ZcI0A==}
    dependencies:
      diff-sequences: 29.6.3
      loupe: 2.3.7
      pretty-format: 29.7.0
    dev: true

  /abab@2.0.6:
    resolution: {integrity: sha512-j2afSsaIENvHZN2B8GOpF566vZ5WVk5opAiMTvWgaQT8DkbOqsTfvNAvHoRGU2zzP8cPoqys+xHTRDWW8L+/BA==}
    dev: true

  /acorn-walk@8.3.0:
    resolution: {integrity: sha512-FS7hV565M5l1R08MXqo8odwMTB02C2UqzB17RVgu9EyuYFBqJZ3/ZY97sQD5FewVu1UyDFc1yztUDrAwT0EypA==}
    engines: {node: '>=0.4.0'}
    dev: true

  /acorn@8.11.2:
    resolution: {integrity: sha512-nc0Axzp/0FILLEVsm4fNwLCwMttvhEI263QtVPQcbpfZZ3ts0hLsZGOpE6czNlid7CJ9MlyH8reXkpsf3YUY4w==}
    engines: {node: '>=0.4.0'}
    hasBin: true
    dev: true

  /agent-base@6.0.2:
    resolution: {integrity: sha512-RZNwNclF7+MS/8bDg70amg32dyeZGZxiDuQmZxKLAlQjr3jGyLx+4Kkk58UO7D2QdgFIQCovuSuZESne6RG6XQ==}
    engines: {node: '>= 6.0.0'}
    dependencies:
      debug: 4.3.4
    transitivePeerDependencies:
      - supports-color
    dev: true

  /ansi-styles@5.2.0:
    resolution: {integrity: sha512-Cxwpt2SfTzTtXcfOlzGEee8O+c+MmUgGrNiBcXnuWxuFJHe6a5Hz7qwhwe5OgaSYI0IJvkLqWX1ASG+cJOkEiA==}
    engines: {node: '>=10'}
    dev: true

  /assertion-error@1.1.0:
    resolution: {integrity: sha512-jgsaNduz+ndvGyFt3uSuWqvy4lCnIJiovtouQN5JZHOKCS2QuhEdbcQHFhVksz2N2U9hXJo8odG7ETyWlEeuDw==}
    dev: true

  /asynckit@0.4.0:
    resolution: {integrity: sha512-Oei9OH4tRh0YqU3GxhX79dM/mwVgvbZJaSNaRk+bshkj0S5cfHcgYakreBjrHwatXKbz+IoIdYLxrKim2MjW0Q==}
    dev: true

  /braces@3.0.2:
    resolution: {integrity: sha512-b8um+L1RzM3WDSzvhm6gIz1yfTbBt6YTlcEKAvsmqCZZFw46z626lVj9j1yEPW33H5H+lBQpZMP1k8l+78Ha0A==}
    engines: {node: '>=8'}
    dependencies:
      fill-range: 7.0.1
    dev: true

  /cac@6.7.14:
    resolution: {integrity: sha512-b6Ilus+c3RrdDk+JhLKUAQfzzgLEPy6wcXqS7f/xe1EETvsDP6GORG7SFuOs6cID5YkqchW/LXZbX5bc8j7ZcQ==}
    engines: {node: '>=8'}
    dev: true

  /chai@4.3.10:
    resolution: {integrity: sha512-0UXG04VuVbruMUYbJ6JctvH0YnC/4q3/AkT18q4NaITo91CUm0liMS9VqzT9vZhVQ/1eqPanMWjBM+Juhfb/9g==}
    engines: {node: '>=4'}
    dependencies:
      assertion-error: 1.1.0
      check-error: 1.0.3
      deep-eql: 4.1.3
      get-func-name: 2.0.2
      loupe: 2.3.7
      pathval: 1.1.1
      type-detect: 4.0.8
    dev: true

  /check-error@1.0.3:
    resolution: {integrity: sha512-iKEoDYaRmd1mxM90a2OEfWhjsjPpYPuQ+lMYsoxB126+t8fw7ySEO48nmDg5COTjxDI65/Y2OWpeEHk3ZOe8zg==}
    dependencies:
      get-func-name: 2.0.2
    dev: true

  /combined-stream@1.0.8:
    resolution: {integrity: sha512-FQN4MRfuJeHf7cBbBMJFXhKSDq+2kAArBlmRBvcvFE5BB1HZKXtSFASDhdlz9zOYwxh8lDdnvmMOe/+5cdoEdg==}
    engines: {node: '>= 0.8'}
    dependencies:
      delayed-stream: 1.0.0
    dev: true

  /cssstyle@3.0.0:
    resolution: {integrity: sha512-N4u2ABATi3Qplzf0hWbVCdjenim8F3ojEXpBDF5hBpjzW182MjNGLqfmQ0SkSPeQ+V86ZXgeH8aXj6kayd4jgg==}
    engines: {node: '>=14'}
    dependencies:
      rrweb-cssom: 0.6.0
    dev: true

  /data-urls@4.0.0:
    resolution: {integrity: sha512-/mMTei/JXPqvFqQtfyTowxmJVwr2PVAeCcDxyFf6LhoOu/09TX2OX3kb2wzi4DMXcfj4OItwDOnhl5oziPnT6g==}
    engines: {node: '>=14'}
    dependencies:
      abab: 2.0.6
      whatwg-mimetype: 3.0.0
      whatwg-url: 12.0.1
    dev: true

  /debug@4.3.4:
    resolution: {integrity: sha512-PRWFHuSU3eDtQJPvnNY7Jcket1j0t5OuOsFzPPzsekD52Zl8qUfFIPEiswXqIvHWGVHOgX+7G/vCNNhehwxfkQ==}
    engines: {node: '>=6.0'}
    peerDependencies:
      supports-color: '*'
    peerDependenciesMeta:
      supports-color:
        optional: true
    dependencies:
      ms: 2.1.2
    dev: true

  /decimal.js@10.4.3:
    resolution: {integrity: sha512-VBBaLc1MgL5XpzgIP7ny5Z6Nx3UrRkIViUkPUdtl9aya5amy3De1gsUUSB1g3+3sExYNjCAsAznmukyxCb1GRA==}
    dev: true

  /deep-eql@4.1.3:
    resolution: {integrity: sha512-WaEtAOpRA1MQ0eohqZjpGD8zdI0Ovsm8mmFhaDN8dvDZzyoUMcYDnf5Y6iu7HTXxf8JDS23qWa4a+hKCDyOPzw==}
    engines: {node: '>=6'}
    dependencies:
      type-detect: 4.0.8
    dev: true

  /delayed-stream@1.0.0:
    resolution: {integrity: sha512-ZySD7Nf91aLB0RxL4KGrKHBXl7Eds1DAmEdcoVawXnLD7SDhpNgtuII2aAkg7a7QS41jxPSZ17p4VdGnMHk3MQ==}
    engines: {node: '>=0.4.0'}
    dev: true

  /diff-sequences@29.6.3:
    resolution: {integrity: sha512-EjePK1srD3P08o2j4f0ExnylqRs5B9tJjcp9t1krH2qRi8CCdsYfwe9JgSLurFBWwq4uOlipzfk5fHNvwFKr8Q==}
    engines: {node: ^14.15.0 || ^16.10.0 || >=18.0.0}
    dev: true

  /domexception@4.0.0:
    resolution: {integrity: sha512-A2is4PLG+eeSfoTMA95/s4pvAoSo2mKtiM5jlHkAVewmiO8ISFTFKZjH7UAM1Atli/OT/7JHOrJRJiMKUZKYBw==}
    engines: {node: '>=12'}
    dependencies:
      webidl-conversions: 7.0.0
    dev: true

  /entities@4.5.0:
    resolution: {integrity: sha512-V0hjH4dGPh9Ao5p0MoRY6BVqtwCjhz6vI5LT8AJ55H+4g9/4vbHx1I54fS0XuclLhDHArPQCiMjDxjaL8fPxhw==}
    engines: {node: '>=0.12'}
    dev: true

  /esbuild@0.19.7:
    resolution: {integrity: sha512-6brbTZVqxhqgbpqBR5MzErImcpA0SQdoKOkcWK/U30HtQxnokIpG3TX2r0IJqbFUzqLjhU/zC1S5ndgakObVCQ==}
    engines: {node: '>=12'}
    hasBin: true
    requiresBuild: true
    optionalDependencies:
      '@esbuild/android-arm': 0.19.7
      '@esbuild/android-arm64': 0.19.7
      '@esbuild/android-x64': 0.19.7
      '@esbuild/darwin-arm64': 0.19.7
      '@esbuild/darwin-x64': 0.19.7
      '@esbuild/freebsd-arm64': 0.19.7
      '@esbuild/freebsd-x64': 0.19.7
      '@esbuild/linux-arm': 0.19.7
      '@esbuild/linux-arm64': 0.19.7
      '@esbuild/linux-ia32': 0.19.7
      '@esbuild/linux-loong64': 0.19.7
      '@esbuild/linux-mips64el': 0.19.7
      '@esbuild/linux-ppc64': 0.19.7
      '@esbuild/linux-riscv64': 0.19.7
      '@esbuild/linux-s390x': 0.19.7
      '@esbuild/linux-x64': 0.19.7
      '@esbuild/netbsd-x64': 0.19.7
      '@esbuild/openbsd-x64': 0.19.7
      '@esbuild/sunos-x64': 0.19.7
      '@esbuild/win32-arm64': 0.19.7
      '@esbuild/win32-ia32': 0.19.7
      '@esbuild/win32-x64': 0.19.7
    dev: true

  /fast-glob@3.3.2:
    resolution: {integrity: sha512-oX2ruAFQwf/Orj8m737Y5adxDQO0LAB7/S5MnxCdTNDd4p6BsyIVsv9JQsATbTSq8KHRpLwIHbVlUNatxd+1Ow==}
    engines: {node: '>=8.6.0'}
    dependencies:
      '@nodelib/fs.stat': 2.0.5
      '@nodelib/fs.walk': 1.2.8
      glob-parent: 5.1.2
      merge2: 1.4.1
      micromatch: 4.0.5
    dev: true

  /fastq@1.15.0:
    resolution: {integrity: sha512-wBrocU2LCXXa+lWBt8RoIRD89Fi8OdABODa/kEnyeyjS5aZO5/GNvI5sEINADqP/h8M29UHTHUb53sUu5Ihqdw==}
    dependencies:
      reusify: 1.0.4
    dev: true

  /fflate@0.8.1:
    resolution: {integrity: sha512-/exOvEuc+/iaUm105QIiOt4LpBdMTWsXxqR0HDF35vx3fmaKzw7354gTilCh5rkzEt8WYyG//ku3h3nRmd7CHQ==}
    dev: true

  /fill-range@7.0.1:
    resolution: {integrity: sha512-qOo9F+dMUmC2Lcb4BbVvnKJxTPjCm+RRpe4gDuGrzkL7mEVl/djYSu2OdQ2Pa302N4oqkSg9ir6jaLWJ2USVpQ==}
    engines: {node: '>=8'}
    dependencies:
      to-regex-range: 5.0.1
    dev: true

  /flatted@3.2.9:
    resolution: {integrity: sha512-36yxDn5H7OFZQla0/jFJmbIKTdZAQHngCedGxiMmpNfEZM0sdEeT+WczLQrjK6D7o2aiyLYDnkw0R3JK0Qv1RQ==}
    dev: true

  /form-data@4.0.0:
    resolution: {integrity: sha512-ETEklSGi5t0QMZuiXoA/Q6vcnxcLQP5vdugSpuAyi6SVGi2clPPp+xgEhuMaHC+zGgn31Kd235W35f7Hykkaww==}
    engines: {node: '>= 6'}
    dependencies:
      asynckit: 0.4.0
      combined-stream: 1.0.8
      mime-types: 2.1.35
    dev: true

  /fsevents@2.3.3:
    resolution: {integrity: sha512-5xoDfX+fL7faATnagmWPpbFtwh/R77WmMMqqHGS65C3vvB0YHrgF+B1YmZ3441tMj5n63k0212XNoJwzlhffQw==}
    engines: {node: ^8.16.0 || ^10.6.0 || >=11.0.0}
    os: [darwin]
    requiresBuild: true
    dev: true
    optional: true

  /get-func-name@2.0.2:
    resolution: {integrity: sha512-8vXOvuE167CtIc3OyItco7N/dpRtBbYOsPsXCz7X/PMnlGjYjSGuZJgM1Y7mmew7BKf9BqvLX2tnOVy1BBUsxQ==}
    dev: true

  /glob-parent@5.1.2:
    resolution: {integrity: sha512-AOIgSQCepiJYwP3ARnGx+5VnTu2HBYdzbGP45eLw1vr3zB3vZLeyed1sC9hnbcOc9/SrMyM5RPQrkGz4aS9Zow==}
    engines: {node: '>= 6'}
    dependencies:
      is-glob: 4.0.3
    dev: true

  /html-encoding-sniffer@3.0.0:
    resolution: {integrity: sha512-oWv4T4yJ52iKrufjnyZPkrN0CH3QnrUqdB6In1g5Fe1mia8GmF36gnfNySxoZtxD5+NmYw1EElVXiBk93UeskA==}
    engines: {node: '>=12'}
    dependencies:
      whatwg-encoding: 2.0.0
    dev: true

  /http-proxy-agent@5.0.0:
    resolution: {integrity: sha512-n2hY8YdoRE1i7r6M0w9DIw5GgZN0G25P8zLCRQ8rjXtTU3vsNFBI/vWK/UIeE6g5MUUz6avwAPXmL6Fy9D/90w==}
    engines: {node: '>= 6'}
    dependencies:
      '@tootallnate/once': 2.0.0
      agent-base: 6.0.2
      debug: 4.3.4
    transitivePeerDependencies:
      - supports-color
    dev: true

  /https-proxy-agent@5.0.1:
    resolution: {integrity: sha512-dFcAjpTQFgoLMzC2VwU+C/CbS7uRL0lWmxDITmqm7C+7F0Odmj6s9l6alZc6AELXhrnggM2CeWSXHGOdX2YtwA==}
    engines: {node: '>= 6'}
    dependencies:
      agent-base: 6.0.2
      debug: 4.3.4
    transitivePeerDependencies:
      - supports-color
    dev: true

  /iconv-lite@0.6.3:
    resolution: {integrity: sha512-4fCk79wshMdzMp2rH06qWrJE4iolqLhCUH+OiuIgU++RB0+94NlDL81atO7GX55uUKueo0txHNtvEyI6D7WdMw==}
    engines: {node: '>=0.10.0'}
    dependencies:
      safer-buffer: 2.1.2
    dev: true

  /is-extglob@2.1.1:
    resolution: {integrity: sha512-SbKbANkN603Vi4jEZv49LeVJMn4yGwsbzZworEoyEiutsN3nJYdbO36zfhGJ6QEDpOZIFkDtnq5JRxmvl3jsoQ==}
    engines: {node: '>=0.10.0'}
    dev: true

  /is-glob@4.0.3:
    resolution: {integrity: sha512-xelSayHH36ZgE7ZWhli7pW34hNbNl8Ojv5KVmkJD4hBdD3th8Tfk9vYasLM+mXWOZhFkgZfxhLSnrwRr4elSSg==}
    engines: {node: '>=0.10.0'}
    dependencies:
      is-extglob: 2.1.1
    dev: true

  /is-number@7.0.0:
    resolution: {integrity: sha512-41Cifkg6e8TylSpdtTpeLVMqvSBEVzTttHvERD741+pnZ8ANv0004MRL43QKPDlK9cGvNp6NZWZUBlbGXYxxng==}
    engines: {node: '>=0.12.0'}
    dev: true

  /is-potential-custom-element-name@1.0.1:
    resolution: {integrity: sha512-bCYeRA2rVibKZd+s2625gGnGF/t7DSqDs4dP7CrLA1m7jKWz6pps0LpYLJN8Q64HtmPKJ1hrN3nzPNKFEKOUiQ==}
    dev: true

  /jsdom@22.1.0:
    resolution: {integrity: sha512-/9AVW7xNbsBv6GfWho4TTNjEo9fe6Zhf9O7s0Fhhr3u+awPwAJMKwAMXnkk5vBxflqLW9hTHX/0cs+P3gW+cQw==}
    engines: {node: '>=16'}
    peerDependencies:
      canvas: ^2.5.0
    peerDependenciesMeta:
      canvas:
        optional: true
    dependencies:
      abab: 2.0.6
      cssstyle: 3.0.0
      data-urls: 4.0.0
      decimal.js: 10.4.3
      domexception: 4.0.0
      form-data: 4.0.0
      html-encoding-sniffer: 3.0.0
      http-proxy-agent: 5.0.0
      https-proxy-agent: 5.0.1
      is-potential-custom-element-name: 1.0.1
      nwsapi: 2.2.7
      parse5: 7.1.2
      rrweb-cssom: 0.6.0
      saxes: 6.0.0
      symbol-tree: 3.2.4
      tough-cookie: 4.1.3
      w3c-xmlserializer: 4.0.0
      webidl-conversions: 7.0.0
      whatwg-encoding: 2.0.0
      whatwg-mimetype: 3.0.0
      whatwg-url: 12.0.1
      ws: 8.14.2
      xml-name-validator: 4.0.0
    transitivePeerDependencies:
      - bufferutil
      - supports-color
      - utf-8-validate
    dev: true

  /jsonc-parser@3.2.0:
    resolution: {integrity: sha512-gfFQZrcTc8CnKXp6Y4/CBT3fTc0OVuDofpre4aEeEpSBPV5X5v4+Vmx+8snU7RLPrNHPKSgLxGo9YuQzz20o+w==}
    dev: true

  /local-pkg@0.4.3:
    resolution: {integrity: sha512-SFppqq5p42fe2qcZQqqEOiVRXl+WCP1MdT6k7BDEW1j++sp5fIY+/fdRQitvKgB5BrBcmrs5m/L0v2FrU5MY1g==}
    engines: {node: '>=14'}
    dev: true

  /loupe@2.3.7:
    resolution: {integrity: sha512-zSMINGVYkdpYSOBmLi0D1Uo7JU9nVdQKrHxC8eYlV+9YKK9WePqAlL7lSlorG/U2Fw1w0hTBmaa/jrQ3UbPHtA==}
    dependencies:
      get-func-name: 2.0.2
    dev: true

  /magic-string@0.30.5:
    resolution: {integrity: sha512-7xlpfBaQaP/T6Vh8MO/EqXSW5En6INHEvEXQiuff7Gku0PWjU3uf6w/j9o7O+SpB5fOAkrI5HeoNgwjEO0pFsA==}
    engines: {node: '>=12'}
    dependencies:
      '@jridgewell/sourcemap-codec': 1.4.15
    dev: true

  /merge2@1.4.1:
    resolution: {integrity: sha512-8q7VEgMJW4J8tcfVPy8g09NcQwZdbwFEqhe/WZkoIzjn/3TGDwtOCYtXGxA3O8tPzpczCCDgv+P2P5y00ZJOOg==}
    engines: {node: '>= 8'}
    dev: true

  /micromatch@4.0.5:
    resolution: {integrity: sha512-DMy+ERcEW2q8Z2Po+WNXuw3c5YaUSFjAO5GsJqfEl7UjvtIuFKO6ZrKvcItdy98dwFI2N1tg3zNIdKaQT+aNdA==}
    engines: {node: '>=8.6'}
    dependencies:
      braces: 3.0.2
      picomatch: 2.3.1
    dev: true

  /mime-db@1.52.0:
    resolution: {integrity: sha512-sPU4uV7dYlvtWJxwwxHD0PuihVNiE7TyAbQ5SWxDCB9mUYvOgroQOwYQQOKPJ8CIbE+1ETVlOoK1UC2nU3gYvg==}
    engines: {node: '>= 0.6'}
    dev: true

  /mime-types@2.1.35:
    resolution: {integrity: sha512-ZDY+bPm5zTTF+YpCrAU9nK0UgICYPT0QtT1NZWFv4s++TNkcgVaT0g6+4R2uI4MjQjzysHB1zxuWL50hzaeXiw==}
    engines: {node: '>= 0.6'}
    dependencies:
      mime-db: 1.52.0
    dev: true

  /mlly@1.4.2:
    resolution: {integrity: sha512-i/Ykufi2t1EZ6NaPLdfnZk2AX8cs0d+mTzVKuPfqPKPatxLApaBoxJQ9x1/uckXtrS/U5oisPMDkNs0yQTaBRg==}
    dependencies:
      acorn: 8.11.2
      pathe: 1.1.1
      pkg-types: 1.0.3
      ufo: 1.3.2
    dev: true

  /mrmime@1.0.1:
    resolution: {integrity: sha512-hzzEagAgDyoU1Q6yg5uI+AorQgdvMCur3FcKf7NhMKWsaYg+RnbTyHRa/9IlLF9rf455MOCtcqqrQQ83pPP7Uw==}
    engines: {node: '>=10'}
    dev: true

  /ms@2.1.2:
    resolution: {integrity: sha512-sGkPx+VjMtmA6MX27oA4FBFELFCZZ4S4XqeGOXCv68tT+jb3vk/RyaKWP0PTKyWtmLSM0b+adUTEvbs1PEaH2w==}
    dev: true

  /nanoid@3.3.7:
    resolution: {integrity: sha512-eSRppjcPIatRIMC1U6UngP8XFcz8MQWGQdt1MTBQ7NaAmvXDfvNxbvWV3x2y6CdEUciCSsDHDQZbhYaB8QEo2g==}
    engines: {node: ^10 || ^12 || ^13.7 || ^14 || >=15.0.1}
    hasBin: true
    dev: true

  /nwsapi@2.2.7:
    resolution: {integrity: sha512-ub5E4+FBPKwAZx0UwIQOjYWGHTEq5sPqHQNRN8Z9e4A7u3Tj1weLJsL59yH9vmvqEtBHaOmT6cYQKIZOxp35FQ==}
    dev: true

  /p-limit@4.0.0:
    resolution: {integrity: sha512-5b0R4txpzjPWVw/cXXUResoD4hb6U/x9BH08L7nw+GN1sezDzPdxeRvpc9c433fZhBan/wusjbCsqwqm4EIBIQ==}
    engines: {node: ^12.20.0 || ^14.13.1 || >=16.0.0}
    dependencies:
      yocto-queue: 1.0.0
    dev: true

  /parse5@7.1.2:
    resolution: {integrity: sha512-Czj1WaSVpaoj0wbhMzLmWD69anp2WH7FXMB9n1Sy8/ZFF9jolSQVMu1Ij5WIyGmcBmhk7EOndpO4mIpihVqAXw==}
    dependencies:
      entities: 4.5.0
    dev: true

  /pathe@1.1.1:
    resolution: {integrity: sha512-d+RQGp0MAYTIaDBIMmOfMwz3E+LOZnxx1HZd5R18mmCZY0QBlK0LDZfPc8FW8Ed2DlvsuE6PRjroDY+wg4+j/Q==}
    dev: true

  /pathval@1.1.1:
    resolution: {integrity: sha512-Dp6zGqpTdETdR63lehJYPeIOqpiNBNtc7BpWSLrOje7UaIsE5aY92r/AunQA7rsXvet3lrJ3JnZX29UPTKXyKQ==}
    dev: true

  /picocolors@1.0.0:
    resolution: {integrity: sha512-1fygroTLlHu66zi26VoTDv8yRgm0Fccecssto+MhsZ0D/DGW2sm8E8AjW7NU5VVTRt5GxbeZ5qBuJr+HyLYkjQ==}
    dev: true

  /picomatch@2.3.1:
    resolution: {integrity: sha512-JU3teHTNjmE2VCGFzuY8EXzCDVwEqB2a8fsIvwaStHhAWJEeVd1o1QD80CU6+ZdEXXSLbSsuLwJjkCBWqRQUVA==}
    engines: {node: '>=8.6'}
    dev: true

  /pkg-types@1.0.3:
    resolution: {integrity: sha512-nN7pYi0AQqJnoLPC9eHFQ8AcyaixBUOwvqc5TDnIKCMEE6I0y8P7OKA7fPexsXGCGxQDl/cmrLAp26LhcwxZ4A==}
    dependencies:
      jsonc-parser: 3.2.0
      mlly: 1.4.2
      pathe: 1.1.1
    dev: true

  /postcss@8.4.31:
    resolution: {integrity: sha512-PS08Iboia9mts/2ygV3eLpY5ghnUcfLV/EXTOW1E2qYxJKGGBUtNjN76FYHnMs36RmARn41bC0AZmn+rR0OVpQ==}
    engines: {node: ^10 || ^12 || >=14}
    dependencies:
      nanoid: 3.3.7
      picocolors: 1.0.0
      source-map-js: 1.0.2
    dev: true

  /pretty-format@29.7.0:
    resolution: {integrity: sha512-Pdlw/oPxN+aXdmM9R00JVC9WVFoCLTKJvDVLgmJ+qAffBMxsV85l/Lu7sNx4zSzPyoL2euImuEwHhOXdEgNFZQ==}
    engines: {node: ^14.15.0 || ^16.10.0 || >=18.0.0}
    dependencies:
      '@jest/schemas': 29.6.3
      ansi-styles: 5.2.0
      react-is: 18.2.0
    dev: true

  /psl@1.9.0:
    resolution: {integrity: sha512-E/ZsdU4HLs/68gYzgGTkMicWTLPdAftJLfJFlLUAAKZGkStNU72sZjT66SnMDVOfOWY/YAoiD7Jxa9iHvngcag==}
    dev: true

  /punycode@2.3.1:
    resolution: {integrity: sha512-vYt7UD1U9Wg6138shLtLOvdAu+8DsC/ilFtEVHcH+wydcSpNE20AfSOduf6MkRFahL5FY7X1oU7nKVZFtfq8Fg==}
    engines: {node: '>=6'}
    dev: true

  /querystringify@2.2.0:
    resolution: {integrity: sha512-FIqgj2EUvTa7R50u0rGsyTftzjYmv/a3hO345bZNrqabNqjtgiDMgmo4mkUjd+nzU5oF3dClKqFIPUKybUyqoQ==}
    dev: true

  /queue-microtask@1.2.3:
    resolution: {integrity: sha512-NuaNSa6flKT5JaSYQzJok04JzTL1CA6aGhv5rfLW3PgqA+M2ChpZQnAC8h8i4ZFkBS8X5RqkDBHA7r4hej3K9A==}
    dev: true

  /react-is@18.2.0:
    resolution: {integrity: sha512-xWGDIW6x921xtzPkhiULtthJHoJvBbF3q26fzloPCK0hsvxtPVelvftw3zjbHWSkR2km9Z+4uxbDDK/6Zw9B8w==}
    dev: true

  /requires-port@1.0.0:
    resolution: {integrity: sha512-KigOCHcocU3XODJxsu8i/j8T9tzT4adHiecwORRQ0ZZFcp7ahwXuRU1m+yuO90C5ZUyGeGfocHDI14M3L3yDAQ==}
    dev: true

  /reusify@1.0.4:
    resolution: {integrity: sha512-U9nH88a3fc/ekCF1l0/UP1IosiuIjyTh7hBvXVMHYgVcfGvt897Xguj2UOLDeI5BG2m7/uwyaLVT6fbtCwTyzw==}
    engines: {iojs: '>=1.0.0', node: '>=0.10.0'}
    dev: true

  /rollup@4.5.0:
    resolution: {integrity: sha512-41xsWhzxqjMDASCxH5ibw1mXk+3c4TNI2UjKbLxe6iEzrSQnqOzmmK8/3mufCPbzHNJ2e04Fc1ddI35hHy+8zg==}
    engines: {node: '>=18.0.0', npm: '>=8.0.0'}
    hasBin: true
    optionalDependencies:
      '@rollup/rollup-android-arm-eabi': 4.5.0
      '@rollup/rollup-android-arm64': 4.5.0
      '@rollup/rollup-darwin-arm64': 4.5.0
      '@rollup/rollup-darwin-x64': 4.5.0
      '@rollup/rollup-linux-arm-gnueabihf': 4.5.0
      '@rollup/rollup-linux-arm64-gnu': 4.5.0
      '@rollup/rollup-linux-arm64-musl': 4.5.0
      '@rollup/rollup-linux-x64-gnu': 4.5.0
      '@rollup/rollup-linux-x64-musl': 4.5.0
      '@rollup/rollup-win32-arm64-msvc': 4.5.0
      '@rollup/rollup-win32-ia32-msvc': 4.5.0
      '@rollup/rollup-win32-x64-msvc': 4.5.0
      fsevents: 2.3.3
    dev: true

  /rrweb-cssom@0.6.0:
    resolution: {integrity: sha512-APM0Gt1KoXBz0iIkkdB/kfvGOwC4UuJFeG/c+yV7wSc7q96cG/kJ0HiYCnzivD9SB53cLV1MlHFNfOuPaadYSw==}
    dev: true

  /run-parallel@1.2.0:
    resolution: {integrity: sha512-5l4VyZR86LZ/lDxZTR6jqL8AFE2S0IFLMP26AbjsLVADxHdhB/c0GUsH+y39UfCi3dzz8OlQuPmnaJOMoDHQBA==}
    dependencies:
      queue-microtask: 1.2.3
    dev: true

  /safer-buffer@2.1.2:
    resolution: {integrity: sha512-YZo3K82SD7Riyi0E1EQPojLz7kpepnSQI9IyPbHHg1XXXevb5dJI7tpyN2ADxGcQbHG7vcyRHk0cbwqcQriUtg==}
    dev: true

  /saxes@6.0.0:
    resolution: {integrity: sha512-xAg7SOnEhrm5zI3puOOKyy1OMcMlIJZYNJY7xLBwSze0UjhPLnWfj2GF2EpT0jmzaJKIWKHLsaSSajf35bcYnA==}
    engines: {node: '>=v12.22.7'}
    dependencies:
      xmlchars: 2.2.0
    dev: true

  /siginfo@2.0.0:
    resolution: {integrity: sha512-ybx0WO1/8bSBLEWXZvEd7gMW3Sn3JFlW3TvX1nREbDLRNQNaeNN8WK0meBwPdAaOI7TtRRRJn/Es1zhrrCHu7g==}
    dev: true

  /sirv@2.0.3:
    resolution: {integrity: sha512-O9jm9BsID1P+0HOi81VpXPoDxYP374pkOLzACAoyUQ/3OUVndNpsz6wMnY2z+yOxzbllCKZrM+9QrWsv4THnyA==}
    engines: {node: '>= 10'}
    dependencies:
      '@polka/url': 1.0.0-next.23
      mrmime: 1.0.1
      totalist: 3.0.1
    dev: true

  /source-map-js@1.0.2:
    resolution: {integrity: sha512-R0XvVJ9WusLiqTCEiGCmICCMplcCkIwwR11mOSD9CR5u+IXYdiseeEuXCVAjS54zqwkLcPNnmU4OeJ6tUrWhDw==}
    engines: {node: '>=0.10.0'}
    dev: true

  /stackback@0.0.2:
    resolution: {integrity: sha512-1XMJE5fQo1jGH6Y/7ebnwPOBEkIEnT4QF32d5R1+VXdXveM0IBMJt8zfaxX1P3QhVwrYe+576+jkANtSS2mBbw==}
    dev: true

  /std-env@3.5.0:
    resolution: {integrity: sha512-JGUEaALvL0Mf6JCfYnJOTcobY+Nc7sG/TemDRBqCA0wEr4DER7zDchaaixTlmOxAjG1uRJmX82EQcxwTQTkqVA==}
    dev: true

  /strip-literal@1.3.0:
    resolution: {integrity: sha512-PugKzOsyXpArk0yWmUwqOZecSO0GH0bPoctLcqNDH9J04pVW3lflYE0ujElBGTloevcxF5MofAOZ7C5l2b+wLg==}
    dependencies:
      acorn: 8.11.2
    dev: true

  /symbol-tree@3.2.4:
    resolution: {integrity: sha512-9QNk5KwDF+Bvz+PyObkmSYjI5ksVUYtjW7AU22r2NKcfLJcXp96hkDWU3+XndOsUb+AQ9QhfzfCT2O+CNWT5Tw==}
    dev: true

  /tinybench@2.5.1:
    resolution: {integrity: sha512-65NKvSuAVDP/n4CqH+a9w2kTlLReS9vhsAP06MWx+/89nMinJyB2icyl58RIcqCmIggpojIGeuJGhjU1aGMBSg==}
    dev: true

  /tinypool@0.7.0:
    resolution: {integrity: sha512-zSYNUlYSMhJ6Zdou4cJwo/p7w5nmAH17GRfU/ui3ctvjXFErXXkruT4MWW6poDeXgCaIBlGLrfU6TbTXxyGMww==}
    engines: {node: '>=14.0.0'}
    dev: true

  /tinyspy@2.2.0:
    resolution: {integrity: sha512-d2eda04AN/cPOR89F7Xv5bK/jrQEhmcLFe6HFldoeO9AJtps+fqEnh486vnT/8y4bw38pSyxDcTCAq+Ks2aJTg==}
    engines: {node: '>=14.0.0'}
    dev: true

  /to-regex-range@5.0.1:
    resolution: {integrity: sha512-65P7iz6X5yEr1cwcgvQxbbIw7Uk3gOy5dIdtZ4rDveLqhrdJP+Li/Hx6tyK0NEb+2GCyneCMJiGqrADCSNk8sQ==}
    engines: {node: '>=8.0'}
    dependencies:
      is-number: 7.0.0
    dev: true

  /totalist@3.0.1:
    resolution: {integrity: sha512-sf4i37nQ2LBx4m3wB74y+ubopq6W/dIzXg0FDGjsYnZHVa1Da8FH853wlL2gtUhg+xJXjfk3kUZS3BRoQeoQBQ==}
    engines: {node: '>=6'}
    dev: true

  /tough-cookie@4.1.3:
    resolution: {integrity: sha512-aX/y5pVRkfRnfmuX+OdbSdXvPe6ieKX/G2s7e98f4poJHnqH3281gDPm/metm6E/WRamfx7WC4HUqkWHfQHprw==}
    engines: {node: '>=6'}
    dependencies:
      psl: 1.9.0
      punycode: 2.3.1
      universalify: 0.2.0
      url-parse: 1.5.10
    dev: true

  /tr46@4.1.1:
    resolution: {integrity: sha512-2lv/66T7e5yNyhAAC4NaKe5nVavzuGJQVVtRYLyQ2OI8tsJ61PMLlelehb0wi2Hx6+hT/OJUWZcw8MjlSRnxvw==}
    engines: {node: '>=14'}
    dependencies:
      punycode: 2.3.1
    dev: true

  /type-detect@4.0.8:
    resolution: {integrity: sha512-0fr/mIH1dlO+x7TlcMy+bIDqKPsw/70tVyeHW787goQjhmqaZe10uwLujubK9q9Lg6Fiho1KUKDYz0Z7k7g5/g==}
    engines: {node: '>=4'}
    dev: true

  /typescript@5.3.2:
    resolution: {integrity: sha512-6l+RyNy7oAHDfxC4FzSJcz9vnjTKxrLpDG5M2Vu4SHRVNg6xzqZp6LYSR9zjqQTu8DU/f5xwxUdADOkbrIX2gQ==}
    engines: {node: '>=14.17'}
    hasBin: true
    dev: true

  /ufo@1.3.2:
    resolution: {integrity: sha512-o+ORpgGwaYQXgqGDwd+hkS4PuZ3QnmqMMxRuajK/a38L6fTpcE5GPIfrf+L/KemFzfUpeUQc1rRS1iDBozvnFA==}
    dev: true

  /undici-types@5.26.5:
    resolution: {integrity: sha512-JlCMO+ehdEIKqlFxk6IfVoAUVmgz7cU7zD/h9XZ0qzeosSHmUJVOzSQvvYSYWXkFXC+IfLKSIffhv0sVZup6pA==}
    dev: true

  /universalify@0.2.0:
    resolution: {integrity: sha512-CJ1QgKmNg3CwvAv/kOFmtnEN05f0D/cn9QntgNOQlQF9dgvVTHj3t+8JPdjqawCHk7V/KA+fbUqzZ9XWhcqPUg==}
    engines: {node: '>= 4.0.0'}
    dev: true

  /url-parse@1.5.10:
    resolution: {integrity: sha512-WypcfiRhfeUP9vvF0j6rw0J3hrWrw6iZv3+22h6iRMJ/8z1Tj6XfLP4DsUix5MhMPnXpiHDoKyoZ/bdCkwBCiQ==}
    dependencies:
      querystringify: 2.2.0
      requires-port: 1.0.0
    dev: true

  /vite-node@0.34.6(@types/node@20.9.3):
    resolution: {integrity: sha512-nlBMJ9x6n7/Amaz6F3zJ97EBwR2FkzhBRxF5e+jE6LA3yi6Wtc2lyTij1OnDMIr34v5g/tVQtsVAzhT0jc5ygA==}
    engines: {node: '>=v14.18.0'}
    hasBin: true
    dependencies:
      cac: 6.7.14
      debug: 4.3.4
      mlly: 1.4.2
      pathe: 1.1.1
      picocolors: 1.0.0
      vite: 5.0.1(@types/node@20.9.3)
    transitivePeerDependencies:
      - '@types/node'
      - less
      - lightningcss
      - sass
      - stylus
      - sugarss
      - supports-color
      - terser
    dev: true

  /vite@5.0.1(@types/node@20.9.3):
    resolution: {integrity: sha512-T2plNaDK+olJPoxwmpGxKcI+BScI2OAulAtRUAljTrb6QxSqJShWMUT+7ilXcBHTMAzbYHfWROuC1J/g2oRhEw==}
    engines: {node: ^18.0.0 || >=20.0.0}
    hasBin: true
    peerDependencies:
      '@types/node': ^18.0.0 || >=20.0.0
      less: '*'
      lightningcss: ^1.21.0
      sass: '*'
      stylus: '*'
      sugarss: '*'
      terser: ^5.4.0
    peerDependenciesMeta:
      '@types/node':
        optional: true
      less:
        optional: true
      lightningcss:
        optional: true
      sass:
        optional: true
      stylus:
        optional: true
      sugarss:
        optional: true
      terser:
        optional: true
    dependencies:
      '@types/node': 20.9.3
      esbuild: 0.19.7
      postcss: 8.4.31
      rollup: 4.5.0
    optionalDependencies:
      fsevents: 2.3.3
    dev: true

  /vitest@0.34.6(@vitest/ui@0.34.6)(jsdom@22.1.0):
    resolution: {integrity: sha512-+5CALsOvbNKnS+ZHMXtuUC7nL8/7F1F2DnHGjSsszX8zCjWSSviphCb/NuS9Nzf4Q03KyyDRBAXhF/8lffME4Q==}
    engines: {node: '>=v14.18.0'}
    hasBin: true
    peerDependencies:
      '@edge-runtime/vm': '*'
      '@vitest/browser': '*'
      '@vitest/ui': '*'
      happy-dom: '*'
      jsdom: '*'
      playwright: '*'
      safaridriver: '*'
      webdriverio: '*'
    peerDependenciesMeta:
      '@edge-runtime/vm':
        optional: true
      '@vitest/browser':
        optional: true
      '@vitest/ui':
        optional: true
      happy-dom:
        optional: true
      jsdom:
        optional: true
      playwright:
        optional: true
      safaridriver:
        optional: true
      webdriverio:
        optional: true
    dependencies:
      '@types/chai': 4.3.11
      '@types/chai-subset': 1.3.5
      '@types/node': 20.9.3
      '@vitest/expect': 0.34.6
      '@vitest/runner': 0.34.6
      '@vitest/snapshot': 0.34.6
      '@vitest/spy': 0.34.6
      '@vitest/ui': 0.34.6(vitest@0.34.6)
      '@vitest/utils': 0.34.6
      acorn: 8.11.2
      acorn-walk: 8.3.0
      cac: 6.7.14
      chai: 4.3.10
      debug: 4.3.4
      jsdom: 22.1.0
      local-pkg: 0.4.3
      magic-string: 0.30.5
      pathe: 1.1.1
      picocolors: 1.0.0
      std-env: 3.5.0
      strip-literal: 1.3.0
      tinybench: 2.5.1
      tinypool: 0.7.0
      vite: 5.0.1(@types/node@20.9.3)
      vite-node: 0.34.6(@types/node@20.9.3)
      why-is-node-running: 2.2.2
    transitivePeerDependencies:
      - less
      - lightningcss
      - sass
      - stylus
      - sugarss
      - supports-color
      - terser
    dev: true

  /w3c-xmlserializer@4.0.0:
    resolution: {integrity: sha512-d+BFHzbiCx6zGfz0HyQ6Rg69w9k19nviJspaj4yNscGjrHu94sVP+aRm75yEbCh+r2/yR+7q6hux9LVtbuTGBw==}
    engines: {node: '>=14'}
    dependencies:
      xml-name-validator: 4.0.0
    dev: true

  /webidl-conversions@7.0.0:
    resolution: {integrity: sha512-VwddBukDzu71offAQR975unBIGqfKZpM+8ZX6ySk8nYhVoo5CYaZyzt3YBvYtRtO+aoGlqxPg/B87NGVZ/fu6g==}
    engines: {node: '>=12'}
    dev: true

  /whatwg-encoding@2.0.0:
    resolution: {integrity: sha512-p41ogyeMUrw3jWclHWTQg1k05DSVXPLcVxRTYsXUk+ZooOCZLcoYgPZ/HL/D/N+uQPOtcp1me1WhBEaX02mhWg==}
    engines: {node: '>=12'}
    dependencies:
      iconv-lite: 0.6.3
    dev: true

  /whatwg-mimetype@3.0.0:
    resolution: {integrity: sha512-nt+N2dzIutVRxARx1nghPKGv1xHikU7HKdfafKkLNLindmPU/ch3U31NOCGGA/dmPcmb1VlofO0vnKAcsm0o/Q==}
    engines: {node: '>=12'}
    dev: true

  /whatwg-url@12.0.1:
    resolution: {integrity: sha512-Ed/LrqB8EPlGxjS+TrsXcpUond1mhccS3pchLhzSgPCnTimUCKj3IZE75pAs5m6heB2U2TMerKFUXheyHY+VDQ==}
    engines: {node: '>=14'}
    dependencies:
      tr46: 4.1.1
      webidl-conversions: 7.0.0
    dev: true

  /why-is-node-running@2.2.2:
    resolution: {integrity: sha512-6tSwToZxTOcotxHeA+qGCq1mVzKR3CwcJGmVcY+QE8SHy6TnpFnh8PAvPNHYr7EcuVeG0QSMxtYCuO1ta/G/oA==}
    engines: {node: '>=8'}
    hasBin: true
    dependencies:
      siginfo: 2.0.0
      stackback: 0.0.2
    dev: true

  /ws@8.14.2:
    resolution: {integrity: sha512-wEBG1ftX4jcglPxgFCMJmZ2PLtSbJ2Peg6TmpJFTbe9GZYOQCDPdMYu/Tm0/bGZkw8paZnJY45J4K2PZrLYq8g==}
    engines: {node: '>=10.0.0'}
    peerDependencies:
      bufferutil: ^4.0.1
      utf-8-validate: '>=5.0.2'
    peerDependenciesMeta:
      bufferutil:
        optional: true
      utf-8-validate:
        optional: true
    dev: true

  /xml-name-validator@4.0.0:
    resolution: {integrity: sha512-ICP2e+jsHvAj2E2lIHxa5tjXRlKDJo4IdvPvCXbXQGdzSfmSpNVyIKMvoZHjDY9DP0zV17iI85o90vRFXNccRw==}
    engines: {node: '>=12'}
    dev: true

  /xmlchars@2.2.0:
    resolution: {integrity: sha512-JZnDKK8B0RCDw84FNdDAIpZK+JuJw+s7Lz8nksI7SIuU3UXJJslUthsi+uWBUYOwPFwW7W7PRLRfUKpxjtjFCw==}
    dev: true

  /yocto-queue@1.0.0:
    resolution: {integrity: sha512-9bnSc/HEW2uRy67wc+T8UwauLuPJVn28jb+GtJY16iiKWyvmYJRXVT4UamsAEGQfPohgr2q4Tq0sQbQlxTfi1g==}
    engines: {node: '>=12.20'}
    dev: true
